Microsoft Visual Studio Solution File, Format Version 12.00
# Visual Studio Version 16
VisualStudioVersion = 16.0.0.0
MinimumVisualStudioVersion = 16.0.0.0
Project("{9A19103F-16F7-4668-BE54-9A1E7A4F7556}") = "MarketMakingGame.Server", "Server\MarketMakingGame.Server.csproj", "{11A3CB0E-6B6F-411A-ACB4-EBC1D5E5FB6B}"
EndProject
Project("{9A19103F-16F7-4668-BE54-9A1E7A4F7556}") = "MarketMakingGame.Client", "Client\MarketMakingGame.Client.csproj", "{FC8267C5-6728-4748-916D-5ED4B058FCE8}"
EndProject
Project("{9A19103F-16F7-4668-BE54-9A1E7A4F7556}") = "MarketMakingGame.Shared", "Shared\MarketMakingGame.Shared.csproj", "{7F02CE63-0F33-4023-9229-58E5C08DF1DB}"
EndProject
Global
	GlobalSection(SolutionConfigurationPlatforms) = preSolution
		Debug|Any CPU = Debug|Any CPU
		Debug|x64 = Debug|x64
		Debug|x86 = Debug|x86
		Release|Any CPU = Release|Any CPU
		Release|x64 = Release|x64
		Release|x86 = Release|x86
	EndGlobalSection
	GlobalSection(ProjectConfigurationPlatforms) = postSolution
		{FC8267C5-6728-4748-916D-5ED4B058FCE8}.Debug|Any CPU.ActiveCfg = Debug|Any CPU
		{FC8267C5-6728-4748-916D-5ED4B058FCE8}.Debug|Any CPU.Build.0 = Debug|Any CPU
		{FC8267C5-6728-4748-916D-5ED4B058FCE8}.Debug|x64.ActiveCfg = Debug|Any CPU
		{FC8267C5-6728-4748-916D-5ED4B058FCE8}.Debug|x64.Build.0 = Debug|Any CPU
		{FC8267C5-6728-4748-916D-5ED4B058FCE8}.Debug|x86.ActiveCfg = Debug|Any CPU
		{FC8267C5-6728-4748-916D-5ED4B058FCE8}.Debug|x86.Build.0 = Debug|Any CPU
		{FC8267C5-6728-4748-916D-5ED4B058FCE8}.Release|Any CPU.ActiveCfg = Release|Any CPU
		{FC8267C5-6728-4748-916D-5ED4B058FCE8}.Release|Any CPU.Build.0 = Release|Any CPU
		{FC8267C5-6728-4748-916D-5ED4B058FCE8}.Release|x64.ActiveCfg = Release|Any CPU
		{FC8267C5-6728-4748-916D-5ED4B058FCE8}.Release|x64.Build.0 = Release|Any CPU
		{FC8267C5-6728-4748-916D-5ED4B058FCE8}.Release|x86.ActiveCfg = Release|Any CPU
		{FC8267C5-6728-4748-916D-5ED4B058FCE8}.Release|x86.Build.0 = Release|Any CPU
		{11A3CB0E-6B6F-411A-ACB4-EBC1D5E5FB6B}.Debug|Any CPU.ActiveCfg = Debug|Any CPU
		{11A3CB0E-6B6F-411A-ACB4-EBC1D5E5FB6B}.Debug|Any CPU.Build.0 = Debug|Any CPU
		{11A3CB0E-6B6F-411A-ACB4-EBC1D5E5FB6B}.Debug|x64.ActiveCfg = Debug|Any CPU
		{11A3CB0E-6B6F-411A-ACB4-EBC1D5E5FB6B}.Debug|x64.Build.0 = Debug|Any CPU
		{11A3CB0E-6B6F-411A-ACB4-EBC1D5E5FB6B}.Debug|x86.ActiveCfg = Debug|Any CPU
		{11A3CB0E-6B6F-411A-ACB4-EBC1D5E5FB6B}.Debug|x86.Build.0 = Debug|Any CPU
		{11A3CB0E-6B6F-411A-ACB4-EBC1D5E5FB6B}.Release|Any CPU.ActiveCfg = Release|Any CPU
		{11A3CB0E-6B6F-411A-ACB4-EBC1D5E5FB6B}.Release|Any CPU.Build.0 = Release|Any CPU
		{11A3CB0E-6B6F-411A-ACB4-EBC1D5E5FB6B}.Release|x64.ActiveCfg = Release|Any CPU
		{11A3CB0E-6B6F-411A-ACB4-EBC1D5E5FB6B}.Release|x64.Build.0 = Release|Any CPU
		{11A3CB0E-6B6F-411A-ACB4-EBC1D5E5FB6B}.Release|x86.ActiveCfg = Release|Any CPU
		{11A3CB0E-6B6F-411A-ACB4-EBC1D5E5FB6B}.Release|x86.Build.0 = Release|Any CPU
		{7F02CE63-0F33-4023-9229-58E5C08DF1DB}.Debug|Any CPU.ActiveCfg = Debug|Any CPU
		{7F02CE63-0F33-4023-9229-58E5C08DF1DB}.Debug|Any CPU.Build.0 = Debug|Any CPU
		{7F02CE63-0F33-4023-9229-58E5C08DF1DB}.Debug|x64.ActiveCfg = Debug|Any CPU
		{7F02CE63-0F33-4023-9229-58E5C08DF1DB}.Debug|x64.Build.0 = Debug|Any CPU
		{7F02CE63-0F33-4023-9229-58E5C08DF1DB}.Debug|x86.ActiveCfg = Debug|Any CPU
		{7F02CE63-0F33-4023-9229-58E5C08DF1DB}.Debug|x86.Build.0 = Debug|Any CPU
		{7F02CE63-0F33-4023-9229-58E5C08DF1DB}.Release|Any CPU.ActiveCfg = Release|Any CPU
		{7F02CE63-0F33-4023-9229-58E5C08DF1DB}.Release|Any CPU.Build.0 = Release|Any CPU
		{7F02CE63-0F33-4023-9229-58E5C08DF1DB}.Release|x64.ActiveCfg = Release|Any CPU
		{7F02CE63-0F33-4023-9229-58E5C08DF1DB}.Release|x64.Build.0 = Release|Any CPU
		{7F02CE63-0F33-4023-9229-58E5C08DF1DB}.Release|x86.ActiveCfg = Release|Any CPU
		{7F02CE63-0F33-4023-9229-58E5C08DF1DB}.Release|x86.Build.0 = Release|Any CPU
	EndGlobalSection
	GlobalSection(SolutionProperties) = preSolution
		HideSolutionNode = FALSE
	EndGlobalSection
	GlobalSection(ExtensibilityGlobals) = postSolution
		SolutionGuid = {7DB872FE-C3A0-43FB-9F56-D5F08EEB8E5B}
	EndGlobalSection
EndGlobal